
Microsoft Visual Studio Solution File, Format Version 12.00
# Visual Studio Version 16
VisualStudioVersion = 16.0.33130.400
MinimumVisualStudioVersion = 10.0.40219.1
Project("{FAE04EC0-301F-11D3-BF4B-00C04F79EFBC}") = "PayRollManagementSystemProject", "PayRollManagementSystemProject\PayRollManagementSystemProject.csproj", "{17321FFA-5D5C-419B-9D9F-A29208A66FB2}"
EndProject
Global
	GlobalSection(SolutionConfigurationPlatforms) = preSolution
		Debug|Any CPU = Debug|Any CPU
		Release|Any CPU = Release|Any CPU
	EndGlobalSection
	GlobalSection(ProjectConfigurationPlatforms) = postSolution
		{17321FFA-5D5C-419B-9D9F-A29208A66FB2}.Debug|Any CPU.ActiveCfg = Debug|Any CPU
		{17321FFA-5D5C-419B-9D9F-A29208A66FB2}.Debug|Any CPU.Build.0 = Debug|Any CPU
		{17321FFA-5D5C-419B-9D9F-A29208A66FB2}.Release|Any CPU.ActiveCfg = Release|Any CPU
		{17321FFA-5D5C-419B-9D9F-A29208A66FB2}.Release|Any CPU.Build.0 = Release|Any CPU
	EndGlobalSection
	GlobalSection(SolutionProperties) = preSolution
		HideSolutionNode = FALSE
	EndGlobalSection
	GlobalSection(ExtensibilityGlobals) = postSolution
		SolutionGuid = {815C55F1-7E13-4AB7-B112-3F6779C5D0E0}
	EndGlobalSection
EndGlobal
